<?xml version="1.0" encoding="utf-8"?>
<Project ToolsVersion="4.0" xmlns="http://schemas.microsoft.com/developer/msbuild/2003">
  <ItemGroup>
    <Filter Include="Source Files">
      <UniqueIdentifier>{4FC737F1-C7A5-4376-A066-2A32D752A2FF}</UniqueIdentifier>
      <Extensions>cpp;c;cc;cxx;c++;def;odl;idl;hpj;bat;asm;asmx</Extensions>
    </Filter>
    <Filter Include="Header Files">
      <UniqueIdentifier>{93995380-89BD-4b04-88EB-625FBE52EBFB}</UniqueIdentifier>
      <Extensions>h;hh;hpp;hxx;h++;hm;inl;inc;ipp;xsd</Extensions>
    </Filter>
    <Filter Include="Resource Files">
      <UniqueIdentifier>{67DA6AB6-F800-4c08-8B7A-83BB121AAD01}</UniqueIdentifier>
      <Extensions>rc;ico;cur;bmp;dlg;rc2;rct;bin;rgs;gif;jpg;jpeg;jpe;resx;tiff;tif;png;wav;mfcribbon-ms</Extensions>
    </Filter>
  </ItemGroup>
  <ItemGroup>
    <ClCompile Include="fluxHLL.cpp">
      <Filter>Source Files</Filter>
    </ClCompile>
    <ClCompile Include="decode1.cpp">
      <Filter>Source Files</Filter>
    </ClCompile>
    <ClCompile Include="decode2.cpp">
      <Filter>Source Files</Filter>
    </ClCompile>
    <ClCompile Include="get_bar_values.cpp">
      <Filter>Source Files</Filter>
    </ClCompile>
    <ClCompile Include="get_dt_CFL.cpp">
      <Filter>Source Files</Filter>
    </ClCompile>
    <ClCompile Include="get_face_values.cpp">
      <Filter>Source Files</Filter>
    </ClCompile>
    <ClCompile Include="get_modal_values.cpp">
      <Filter>Source Files</Filter>
    </ClCompile>
    <ClCompile Include="get_nodal_values.cpp">
      <Filter>Source Files</Filter>
    </ClCompile>
    <ClCompile Include="get_positivity_preserving_nodes.cpp">
      <Filter>Source Files</Filter>
    </ClCompile>
    <ClCompile Include="get_wet_dry_cells.cpp">
      <Filter>Source Files</Filter>
    </ClCompile>
    <ClCompile Include="add_ghost_cells.cpp">
      <Filter>Source Files</Filter>
    </ClCompile>
    <ClCompile Include="friction_implicit.cpp">
      <Filter>Source Files</Filter>
    </ClCompile>
    <ClCompile Include="friction_update.cpp">
      <Filter>Source Files</Filter>
    </ClCompile>
    <ClCompile Include="fv1_operator.cpp">
      <Filter>Source Files</Filter>
    </ClCompile>
    <ClCompile Include="set_error_threshold_epsilon.cpp">
      <Filter>Source Files</Filter>
    </ClCompile>
    <ClCompile Include="set_num_cells.cpp">
      <Filter>Source Files</Filter>
    </ClCompile>
    <ClCompile Include="set_test_case.cpp">
      <Filter>Source Files</Filter>
    </ClCompile>
    <ClCompile Include="write_solution_to_file.cpp">
      <Filter>Source Files</Filter>
    </ClCompile>
    <ClCompile Include="set_solver_parameters.cpp">
      <Filter>Source Files</Filter>
    </ClCompile>
    <ClCompile Include="set_simulation_parameters.cpp">
      <Filter>Source Files</Filter>
    </ClCompile>
    <ClCompile Include="set_boundary_conditions.cpp">
      <Filter>Source Files</Filter>
    </ClCompile>
    <ClCompile Include="set_max_refinement_lvl.cpp">
      <Filter>Source Files</Filter>
    </ClCompile>
    <ClCompile Include="h_init_c_property.cpp">
      <Filter>Source Files</Filter>
    </ClCompile>
    <ClCompile Include="h_init_overtop.cpp">
      <Filter>Source Files</Filter>
    </ClCompile>
    <ClCompile Include="bed_data_c_property.cpp">
      <Filter>Source Files</Filter>
    </ClCompile>
    <ClCompile Include="load_fine_scale_coefficients.cpp">
      <Filter>Source Files</Filter>
    </ClCompile>
    <ClCompile Include="get_max_scale_coefficients.cpp">
      <Filter>Source Files</Filter>
    </ClCompile>
    <ClCompile Include="encoding.cpp">
      <Filter>Source Files</Filter>
    </ClCompile>
    <ClCompile Include="thresholding.cpp">
      <Filter>Source Files</Filter>
    </ClCompile>
    <ClCompile Include="regularisation.cpp">
      <Filter>Source Files</Filter>
    </ClCompile>
    <ClCompile Include="extra_significance.cpp">
      <Filter>Source Files</Filter>
    </ClCompile>
    <ClCompile Include="decoding.cpp">
      <Filter>Source Files</Filter>
    </ClCompile>
    <ClCompile Include="MAIN.cpp">
      <Filter>Source Files</Filter>
    </ClCompile>
    <ClCompile Include="encode_detail.cpp">
      <Filter>Source Files</Filter>
    </ClCompile>
    <ClCompile Include="encode_scale.cpp">
      <Filter>Source Files</Filter>
    </ClCompile>
    <ClCompile Include="traverse_tree_decode.cpp">
      <Filter>Source Files</Filter>
    </ClCompile>
  </ItemGroup>
  <ItemGroup>
    <ClInclude Include="BoundaryConditions.h">
      <Filter>Header Files</Filter>
    </ClInclude>
    <ClInclude Include="fluxHLL.h">
      <Filter>Header Files</Filter>
    </ClInclude>
    <ClInclude Include="real.h">
      <Filter>Header Files</Filter>
    </ClInclude>
    <ClInclude Include="SolverParameters.h">
      <Filter>Header Files</Filter>
    </ClInclude>
    <ClInclude Include="maskFilterHaar.h">
      <Filter>Header Files</Filter>
    </ClInclude>
    <ClInclude Include="decode1.h">
      <Filter>Header Files</Filter>
    </ClInclude>
    <ClInclude Include="decode2.h">
      <Filter>Header Files</Filter>
    </ClInclude>
    <ClInclude Include="FlattenedScaleCoeffs.h">
      <Filter>Header Files</Filter>
    </ClInclude>
    <ClInclude Include="FlattenedDetails.h">
      <Filter>Header Files</Filter>
    </ClInclude>
    <ClInclude Include="AssembledSolution.h">
      <Filter>Header Files</Filter>
    </ClInclude>
    <ClInclude Include="get_bar_values.h">
      <Filter>Header Files</Filter>
    </ClInclude>
    <ClInclude Include="get_dt_CFL.h">
      <Filter>Header Files</Filter>
    </ClInclude>
    <ClInclude Include="get_face_values.h">
      <Filter>Header Files</Filter>
    </ClInclude>
    <ClInclude Include="get_modal_values.h">
      <Filter>Header Files</Filter>
    </ClInclude>
    <ClInclude Include="get_nodal_values.h">
      <Filter>Header Files</Filter>
    </ClInclude>
    <ClInclude Include="get_positivity_preserving_nodes.h">
      <Filter>Header Files</Filter>
    </ClInclude>
    <ClInclude Include="get_wet_dry_cells.h">
      <Filter>Header Files</Filter>
    </ClInclude>
    <ClInclude Include="add_ghost_cells.h">
      <Filter>Header Files</Filter>
    </ClInclude>
    <ClInclude Include="BarValues.h">
      <Filter>Header Files</Filter>
    </ClInclude>
    <ClInclude Include="FaceValues.h">
      <Filter>Header Files</Filter>
    </ClInclude>
    <ClInclude Include="Fluxes.h">
      <Filter>Header Files</Filter>
    </ClInclude>
    <ClInclude Include="friction_implicit.h">
      <Filter>Header Files</Filter>
    </ClInclude>
    <ClInclude Include="friction_update.h">
      <Filter>Header Files</Filter>
    </ClInclude>
    <ClInclude Include="fv1_operator.h">
      <Filter>Header Files</Filter>
    </ClInclude>
    <ClInclude Include="NodalValues.h">
      <Filter>Header Files</Filter>
    </ClInclude>
    <ClInclude Include="set_error_threshold_epsilon.h">
      <Filter>Header Files</Filter>
    </ClInclude>
    <ClInclude Include="set_num_cells.h">
      <Filter>Header Files</Filter>
    </ClInclude>
    <ClInclude Include="set_test_case.h">
      <Filter>Header Files</Filter>
    </ClInclude>
    <ClInclude Include="StarValues.h">
      <Filter>Header Files</Filter>
    </ClInclude>
    <ClInclude Include="write_solution_to_file.h">
      <Filter>Header Files</Filter>
    </ClInclude>
    <ClInclude Include="set_solver_parameters.h">
      <Filter>Header Files</Filter>
    </ClInclude>
    <ClInclude Include="set_simulation_parameters.h">
      <Filter>Header Files</Filter>
    </ClInclude>
    <ClInclude Include="set_boundary_conditions.h">
      <Filter>Header Files</Filter>
    </ClInclude>
    <ClInclude Include="set_max_refinement_lvl.h">
      <Filter>Header Files</Filter>
    </ClInclude>
    <ClInclude Include="h_init_c_property.h">
      <Filter>Header Files</Filter>
    </ClInclude>
    <ClInclude Include="h_init_overtop.h">
      <Filter>Header Files</Filter>
    </ClInclude>
    <ClInclude Include="Maxes.h">
      <Filter>Header Files</Filter>
    </ClInclude>
    <ClInclude Include="load_fine_scale_coefficients.h">
      <Filter>Header Files</Filter>
    </ClInclude>
    <ClInclude Include="SimulationParameters.h">
      <Filter>Header Files</Filter>
    </ClInclude>
    <ClInclude Include="get_max_scale_coefficients.h">
      <Filter>Header Files</Filter>
    </ClInclude>
    <ClInclude Include="encoding.h">
      <Filter>Header Files</Filter>
    </ClInclude>
    <ClInclude Include="thresholding.h">
      <Filter>Header Files</Filter>
    </ClInclude>
    <ClInclude Include="regularisation.h">
      <Filter>Header Files</Filter>
    </ClInclude>
    <ClInclude Include="extra_significance.h">
      <Filter>Header Files</Filter>
    </ClInclude>
    <ClInclude Include="decoding.h">
      <Filter>Header Files</Filter>
    </ClInclude>
    <ClInclude Include="encode_detail.h">
      <Filter>Header Files</Filter>
    </ClInclude>
    <ClInclude Include="encode_scale.h">
      <Filter>Header Files</Filter>
    </ClInclude>
    <ClInclude Include="traverse_tree_decode.h">
      <Filter>Header Files</Filter>
    </ClInclude>
  </ItemGroup>
</Project>